
Microsoft Visual Studio Solution File, Format Version 12.00
# Visual Studio Version 17
VisualStudioVersion = 17.0.32126.317
MinimumVisualStudioVersion = 10.0.40219.1
Project("{2150E333-8FDC-42A3-9474-1A3956D46DE8}") = "Solution Items", "Solution Items", "{5A9582DD-FF85-461A-BAD0-998E158AD8AF}"
	ProjectSection(SolutionItems) = preProject
		..\..\.editorconfig = ..\..\.editorconfig
	EndProjectSection
EndProject
Project("{9A19103F-16F7-4668-BE54-9A1E7A4F7556}") = "IssueTracker.Core", "src\IssueTracker.Core\IssueTracker.Core.csproj", "{2EC2D449-98C4-48E7-94BF-FFD3E3854965}"
EndProject
Project("{9A19103F-16F7-4668-BE54-9A1E7A4F7556}") = "IssueTracker.Data.Abstractions", "src\IssueTracker.Data.Abstractions\IssueTracker.Data.Abstractions.csproj", "{E9BE1CF7-7251-440A-93A0-7C7FF5885E8B}"
EndProject
Project("{9A19103F-16F7-4668-BE54-9A1E7A4F7556}") = "IssueTracker.Data", "src\IssueTracker.Data\IssueTracker.Data.csproj", "{B646D685-4DC9-45C7-8383-431C535AF825}"
EndProject
Project("{9A19103F-16F7-4668-BE54-9A1E7A4F7556}") = "IssueTracker.Middelware.SecurityHeaders", "src\IssueTracker.Middelware.SecurityHeaders\IssueTracker.Middelware.SecurityHeaders.csproj", "{45A18FDB-3712-4AD4-82F8-B778D4FADC2C}"
EndProject
Project("{9A19103F-16F7-4668-BE54-9A1E7A4F7556}") = "IssueTracker.SwashbuckleExtensions", "src\IssueTracker.SwashbuckleExtensions\IssueTracker.SwashbuckleExtensions.csproj", "{6E0D0766-7F73-415A-A38B-0795B74C5CC3}"
EndProject
Project("{9A19103F-16F7-4668-BE54-9A1E7A4F7556}") = "IssueTracker.SwashbuckleExtensions.Abstractions", "src\IssueTracker.SwashbuckleExtensions.Abstractions\IssueTracker.SwashbuckleExtensions.Abstractions.csproj", "{7B03B59B-E862-4B8F-827A-EA9E84B4EE8E}"
EndProject
Project("{9A19103F-16F7-4668-BE54-9A1E7A4F7556}") = "IssueTracker.Services", "src\IssueTracker.Services\IssueTracker.Services.csproj", "{145882D1-59F4-4B70-9B55-0B07F9477C7B}"
EndProject
Project("{2150E333-8FDC-42A3-9474-1A3956D46DE8}") = "Domain", "Domain", "{67872BB0-951C-413D-8EA7-98E7D2D38189}"
EndProject
Project("{2150E333-8FDC-42A3-9474-1A3956D46DE8}") = "Infrastructure", "Infrastructure", "{F6FAAA63-3594-4FFD-884A-390055066734}"
EndProject
Project("{2150E333-8FDC-42A3-9474-1A3956D46DE8}") = "Services", "Services", "{437CCE27-62F4-4886-AB44-A1ACE97DB18C}"
EndProject
Project("{9A19103F-16F7-4668-BE54-9A1E7A4F7556}") = "IssueTracker.ServiceDiscovery", "src\IssueTracker.ServiceDiscovery\IssueTracker.ServiceDiscovery.csproj", "{2DF6D6FF-30B2-4721-8A2E-E5D58A72D563}"
EndProject
Project("{2150E333-8FDC-42A3-9474-1A3956D46DE8}") = "App", "App", "{13D0B969-90F7-4214-BC8C-5432426C746A}"
EndProject
Project("{2150E333-8FDC-42A3-9474-1A3956D46DE8}") = "REST", "REST", "{390046E2-814B-4466-B941-9B0684750103}"
EndProject
Project("{9A19103F-16F7-4668-BE54-9A1E7A4F7556}") = "IssueTracker.RestApi.Controllers.Shared", "src\IssueTracker.RestApi.Controllers.Shared\IssueTracker.RestApi.Controllers.Shared.csproj", "{88583C09-F325-420A-8C45-4308432DA165}"
EndProject
Project("{9A19103F-16F7-4668-BE54-9A1E7A4F7556}") = "IssueTracker.RestApi.App", "src\IssueTracker.RestApi.App\IssueTracker.RestApi.App.csproj", "{A08D7323-67EB-4370-A9F0-90203B9A1A0A}"
EndProject
Project("{2150E333-8FDC-42A3-9474-1A3956D46DE8}") = "GRPC", "GRPC", "{AF6DF8B6-CA34-4F45-8296-3CDD9429E289}"
	ProjectSection(SolutionItems) = preProject
		issueTracker.proto = issueTracker.proto
	EndProjectSection
EndProject
Project("{9A19103F-16F7-4668-BE54-9A1E7A4F7556}") = "IssueTracker.GrpcApi.App", "src\IssueTracker.GrpcApi.App\IssueTracker.GrpcApi.App.csproj", "{3920ECE2-DB8A-4CCE-A6BA-516356E100B4}"
EndProject
Project("{9A19103F-16F7-4668-BE54-9A1E7A4F7556}") = "IssueTracker.GrpcApi.Services", "src\IssueTracker.GrpcApi.Services\IssueTracker.GrpcApi.Services.csproj", "{8BD4EB97-C5AC-4197-A842-F67635A48CD1}"
EndProject
Project("{9A19103F-16F7-4668-BE54-9A1E7A4F7556}") = "IssueTracker.RestApi.DataTransferObjects.Version1", "src\IssueTracker.RestApi.DataTransferObjects.Version1\IssueTracker.RestApi.DataTransferObjects.Version1.csproj", "{8359A8DF-8E00-4D8A-B098-6F00166B9FBD}"
EndProject
Project("{9A19103F-16F7-4668-BE54-9A1E7A4F7556}") = "IssueTracker.RestApi.DataTransferObjects.Version2", "src\IssueTracker.RestApi.DataTransferObjects.Version2\IssueTracker.RestApi.DataTransferObjects.Version2.csproj", "{82849D31-F076-434C-858A-6421141E69A3}"
EndProject
Project("{2150E333-8FDC-42A3-9474-1A3956D46DE8}") = "GraphQL", "GraphQL", "{7C5926E5-7CE8-4BE4-8FEB-CC55F3D5BB08}"
EndProject
Project("{9A19103F-16F7-4668-BE54-9A1E7A4F7556}") = "IssueTracker.GraphQl.App", "src\IssueTracker.GraphQl.App\IssueTracker.GraphQl.App.csproj", "{5559C5E9-7591-4AE0-828D-323D52EB3FDB}"
EndProject
Project("{9A19103F-16F7-4668-BE54-9A1E7A4F7556}") = "IssueTracker.Core.Test", "test\IssueTracker.Core.Test\IssueTracker.Core.Test.csproj", "{ECF60E3D-D8F0-4A21-84FE-BAB8D0CD8E2C}"
EndProject
Project("{9A19103F-16F7-4668-BE54-9A1E7A4F7556}") = "IssueTracker.RestApi.Controllers.Version1", "src\IssueTracker.RestApi.Controllers.Version1\IssueTracker.RestApi.Controllers.Version1.csproj", "{0959FC9A-6137-48CC-8AF6-3A63D8BA4A11}"
EndProject
Project("{9A19103F-16F7-4668-BE54-9A1E7A4F7556}") = "IssueTracker.RestApi.Controllers.Version2", "src\IssueTracker.RestApi.Controllers.Version2\IssueTracker.RestApi.Controllers.Version2.csproj", "{55E183D5-9C5B-43BB-82B1-3E6BD2EF9FE4}"
EndProject
Project("{2150E333-8FDC-42A3-9474-1A3956D46DE8}") = "Version1", "Version1", "{46C30AA6-1243-45DD-B493-A33836FB83AC}"
EndProject
Project("{2150E333-8FDC-42A3-9474-1A3956D46DE8}") = "Version2", "Version2", "{D01DB114-40FA-48FC-A74B-9357E53E9246}"
EndProject
Project("{9A19103F-16F7-4668-BE54-9A1E7A4F7556}") = "IssueTracker.RestApi.Controllers", "src\IssueTracker.RestApi.Controllers\IssueTracker.RestApi.Controllers.csproj", "{8079E32A-5235-48A2-B87C-0C2B555192EC}"
EndProject
Project("{2150E333-8FDC-42A3-9474-1A3956D46DE8}") = "Issues", "Issues", "{85C789BA-B097-45BB-9FA1-4B3E584236E4}"
	ProjectSection(SolutionItems) = preProject
		src\Issues\Readme.md = src\Issues\Readme.md
	EndProjectSection
EndProject
Project("{9A19103F-16F7-4668-BE54-9A1E7A4F7556}") = "IssueTracker.Issues.Domain", "src\Issues\IssueTracker.Issues.Domain\IssueTracker.Issues.Domain.csproj", "{B7AFF034-03AF-48FF-ACA6-0A454AA2737D}"
EndProject
Project("{9A19103F-16F7-4668-BE54-9A1E7A4F7556}") = "IssueTracker.Issues.Infrastructure", "src\Issues\IssueTracker.Issues.Infrastructure\IssueTracker.Issues.Infrastructure.csproj", "{ED10ECF2-F14E-46B6-AA63-908931FCC5E6}"
EndProject
Project("{9A19103F-16F7-4668-BE54-9A1E7A4F7556}") = "IssueTracker.Issues.API.Version1.Abstractions", "src\Issues\IssueTracker.Issues.API.Version1.Abstractions\IssueTracker.Issues.API.Version1.Abstractions.csproj", "{07F17ABA-2937-413E-A5F3-135D97D29613}"
EndProject
Project("{9A19103F-16F7-4668-BE54-9A1E7A4F7556}") = "IssueTracker.Issues.API.Version2.Abstractions", "src\Issues\IssueTracker.Issues.API.Version2.Abstractions\IssueTracker.Issues.API.Version2.Abstractions.csproj", "{483B359B-D55F-49AA-8C8B-43F2E67A1280}"
EndProject
Project("{9A19103F-16F7-4668-BE54-9A1E7A4F7556}") = "IssueTracker.Issues.Cli", "src\Issues\IssueTracker.Issues.cli\IssueTracker.Issues.Cli.csproj", "{3F6444F1-3146-43B3-AB08-8460DD20A9B9}"
EndProject
Project("{9A19103F-16F7-4668-BE54-9A1E7A4F7556}") = "IssueTracker.Issues.API", "src\Issues\IssueTracker.Issues.API\IssueTracker.Issues.API.csproj", "{5E6DB3CE-0567-45A3-9756-4BD2355AC8B1}"
EndProject
Project("{9A19103F-16F7-4668-BE54-9A1E7A4F7556}") = "IssueTracker.Issues.API.Version1.REST", "src\Issues\IssueTracker.Issues.API.Version1.REST\IssueTracker.Issues.API.Version1.REST.csproj", "{BEB0D4F7-C42E-43EA-9EF9-A6034AEB23DB}"
EndProject
Project("{9A19103F-16F7-4668-BE54-9A1E7A4F7556}") = "IssueTracker.Issues.API.Version2.REST", "src\Issues\IssueTracker.Issues.API.Version2.REST\IssueTracker.Issues.API.Version2.REST.csproj", "{A8FA785B-4717-445B-BFF2-7D5C2B0CFC8B}"
EndProject
Project("{2150E333-8FDC-42A3-9474-1A3956D46DE8}") = "Shared", "Shared", "{7E6F8B0A-3A22-4045-A52B-38D3BD39DD7A}"
EndProject
Project("{FAE04EC0-301F-11D3-BF4B-00C04F79EFBC}") = "IssueTracker.Issues.Shared.REST", "src\Issues\IssueTracker.Issues.Shared.REST\IssueTracker.Issues.Shared.REST.csproj", "{722B4601-7709-4DB0-B662-6BB3FBC3FAD9}"
EndProject
Global
	GlobalSection(SolutionConfigurationPlatforms) = preSolution
		Debug|Any CPU = Debug|Any CPU
		Release|Any CPU = Release|Any CPU
	EndGlobalSection
	GlobalSection(ProjectConfigurationPlatforms) = postSolution
		{2EC2D449-98C4-48E7-94BF-FFD3E3854965}.Debug|Any CPU.ActiveCfg = Debug|Any CPU
		{2EC2D449-98C4-48E7-94BF-FFD3E3854965}.Debug|Any CPU.Build.0 = Debug|Any CPU
		{2EC2D449-98C4-48E7-94BF-FFD3E3854965}.Release|Any CPU.ActiveCfg = Release|Any CPU
		{2EC2D449-98C4-48E7-94BF-FFD3E3854965}.Release|Any CPU.Build.0 = Release|Any CPU
		{E9BE1CF7-7251-440A-93A0-7C7FF5885E8B}.Debug|Any CPU.ActiveCfg = Debug|Any CPU
		{E9BE1CF7-7251-440A-93A0-7C7FF5885E8B}.Debug|Any CPU.Build.0 = Debug|Any CPU
		{E9BE1CF7-7251-440A-93A0-7C7FF5885E8B}.Release|Any CPU.ActiveCfg = Release|Any CPU
		{E9BE1CF7-7251-440A-93A0-7C7FF5885E8B}.Release|Any CPU.Build.0 = Release|Any CPU
		{B646D685-4DC9-45C7-8383-431C535AF825}.Debug|Any CPU.ActiveCfg = Debug|Any CPU
		{B646D685-4DC9-45C7-8383-431C535AF825}.Debug|Any CPU.Build.0 = Debug|Any CPU
		{B646D685-4DC9-45C7-8383-431C535AF825}.Release|Any CPU.ActiveCfg = Release|Any CPU
		{B646D685-4DC9-45C7-8383-431C535AF825}.Release|Any CPU.Build.0 = Release|Any CPU
		{45A18FDB-3712-4AD4-82F8-B778D4FADC2C}.Debug|Any CPU.ActiveCfg = Debug|Any CPU
		{45A18FDB-3712-4AD4-82F8-B778D4FADC2C}.Debug|Any CPU.Build.0 = Debug|Any CPU
		{45A18FDB-3712-4AD4-82F8-B778D4FADC2C}.Release|Any CPU.ActiveCfg = Release|Any CPU
		{45A18FDB-3712-4AD4-82F8-B778D4FADC2C}.Release|Any CPU.Build.0 = Release|Any CPU
		{6E0D0766-7F73-415A-A38B-0795B74C5CC3}.Debug|Any CPU.ActiveCfg = Debug|Any CPU
		{6E0D0766-7F73-415A-A38B-0795B74C5CC3}.Debug|Any CPU.Build.0 = Debug|Any CPU
		{6E0D0766-7F73-415A-A38B-0795B74C5CC3}.Release|Any CPU.ActiveCfg = Release|Any CPU
		{6E0D0766-7F73-415A-A38B-0795B74C5CC3}.Release|Any CPU.Build.0 = Release|Any CPU
		{7B03B59B-E862-4B8F-827A-EA9E84B4EE8E}.Debug|Any CPU.ActiveCfg = Debug|Any CPU
		{7B03B59B-E862-4B8F-827A-EA9E84B4EE8E}.Debug|Any CPU.Build.0 = Debug|Any CPU
		{7B03B59B-E862-4B8F-827A-EA9E84B4EE8E}.Release|Any CPU.ActiveCfg = Release|Any CPU
		{7B03B59B-E862-4B8F-827A-EA9E84B4EE8E}.Release|Any CPU.Build.0 = Release|Any CPU
		{145882D1-59F4-4B70-9B55-0B07F9477C7B}.Debug|Any CPU.ActiveCfg = Debug|Any CPU
		{145882D1-59F4-4B70-9B55-0B07F9477C7B}.Debug|Any CPU.Build.0 = Debug|Any CPU
		{145882D1-59F4-4B70-9B55-0B07F9477C7B}.Release|Any CPU.ActiveCfg = Release|Any CPU
		{145882D1-59F4-4B70-9B55-0B07F9477C7B}.Release|Any CPU.Build.0 = Release|Any CPU
		{2DF6D6FF-30B2-4721-8A2E-E5D58A72D563}.Debug|Any CPU.ActiveCfg = Debug|Any CPU
		{2DF6D6FF-30B2-4721-8A2E-E5D58A72D563}.Debug|Any CPU.Build.0 = Debug|Any CPU
		{2DF6D6FF-30B2-4721-8A2E-E5D58A72D563}.Release|Any CPU.ActiveCfg = Release|Any CPU
		{2DF6D6FF-30B2-4721-8A2E-E5D58A72D563}.Release|Any CPU.Build.0 = Release|Any CPU
		{88583C09-F325-420A-8C45-4308432DA165}.Debug|Any CPU.ActiveCfg = Debug|Any CPU
		{88583C09-F325-420A-8C45-4308432DA165}.Debug|Any CPU.Build.0 = Debug|Any CPU
		{88583C09-F325-420A-8C45-4308432DA165}.Release|Any CPU.ActiveCfg = Release|Any CPU
		{88583C09-F325-420A-8C45-4308432DA165}.Release|Any CPU.Build.0 = Release|Any CPU
		{A08D7323-67EB-4370-A9F0-90203B9A1A0A}.Debug|Any CPU.ActiveCfg = Debug|Any CPU
		{A08D7323-67EB-4370-A9F0-90203B9A1A0A}.Debug|Any CPU.Build.0 = Debug|Any CPU
		{A08D7323-67EB-4370-A9F0-90203B9A1A0A}.Release|Any CPU.ActiveCfg = Release|Any CPU
		{A08D7323-67EB-4370-A9F0-90203B9A1A0A}.Release|Any CPU.Build.0 = Release|Any CPU
		{3920ECE2-DB8A-4CCE-A6BA-516356E100B4}.Debug|Any CPU.ActiveCfg = Debug|Any CPU
		{3920ECE2-DB8A-4CCE-A6BA-516356E100B4}.Debug|Any CPU.Build.0 = Debug|Any CPU
		{3920ECE2-DB8A-4CCE-A6BA-516356E100B4}.Release|Any CPU.ActiveCfg = Release|Any CPU
		{3920ECE2-DB8A-4CCE-A6BA-516356E100B4}.Release|Any CPU.Build.0 = Release|Any CPU
		{8BD4EB97-C5AC-4197-A842-F67635A48CD1}.Debug|Any CPU.ActiveCfg = Debug|Any CPU
		{8BD4EB97-C5AC-4197-A842-F67635A48CD1}.Debug|Any CPU.Build.0 = Debug|Any CPU
		{8BD4EB97-C5AC-4197-A842-F67635A48CD1}.Release|Any CPU.ActiveCfg = Release|Any CPU
		{8BD4EB97-C5AC-4197-A842-F67635A48CD1}.Release|Any CPU.Build.0 = Release|Any CPU
		{8359A8DF-8E00-4D8A-B098-6F00166B9FBD}.Debug|Any CPU.ActiveCfg = Debug|Any CPU
		{8359A8DF-8E00-4D8A-B098-6F00166B9FBD}.Debug|Any CPU.Build.0 = Debug|Any CPU
		{8359A8DF-8E00-4D8A-B098-6F00166B9FBD}.Release|Any CPU.ActiveCfg = Release|Any CPU
		{8359A8DF-8E00-4D8A-B098-6F00166B9FBD}.Release|Any CPU.Build.0 = Release|Any CPU
		{82849D31-F076-434C-858A-6421141E69A3}.Debug|Any CPU.ActiveCfg = Debug|Any CPU
		{82849D31-F076-434C-858A-6421141E69A3}.Debug|Any CPU.Build.0 = Debug|Any CPU
		{82849D31-F076-434C-858A-6421141E69A3}.Release|Any CPU.ActiveCfg = Release|Any CPU
		{82849D31-F076-434C-858A-6421141E69A3}.Release|Any CPU.Build.0 = Release|Any CPU
		{5559C5E9-7591-4AE0-828D-323D52EB3FDB}.Debug|Any CPU.ActiveCfg = Debug|Any CPU
		{5559C5E9-7591-4AE0-828D-323D52EB3FDB}.Debug|Any CPU.Build.0 = Debug|Any CPU
		{5559C5E9-7591-4AE0-828D-323D52EB3FDB}.Release|Any CPU.ActiveCfg = Release|Any CPU
		{5559C5E9-7591-4AE0-828D-323D52EB3FDB}.Release|Any CPU.Build.0 = Release|Any CPU
		{ECF60E3D-D8F0-4A21-84FE-BAB8D0CD8E2C}.Debug|Any CPU.ActiveCfg = Debug|Any CPU
		{ECF60E3D-D8F0-4A21-84FE-BAB8D0CD8E2C}.Debug|Any CPU.Build.0 = Debug|Any CPU
		{ECF60E3D-D8F0-4A21-84FE-BAB8D0CD8E2C}.Release|Any CPU.ActiveCfg = Release|Any CPU
		{ECF60E3D-D8F0-4A21-84FE-BAB8D0CD8E2C}.Release|Any CPU.Build.0 = Release|Any CPU
		{0959FC9A-6137-48CC-8AF6-3A63D8BA4A11}.Debug|Any CPU.ActiveCfg = Debug|Any CPU
		{0959FC9A-6137-48CC-8AF6-3A63D8BA4A11}.Debug|Any CPU.Build.0 = Debug|Any CPU
		{0959FC9A-6137-48CC-8AF6-3A63D8BA4A11}.Release|Any CPU.ActiveCfg = Release|Any CPU
		{0959FC9A-6137-48CC-8AF6-3A63D8BA4A11}.Release|Any CPU.Build.0 = Release|Any CPU
		{55E183D5-9C5B-43BB-82B1-3E6BD2EF9FE4}.Debug|Any CPU.ActiveCfg = Debug|Any CPU
		{55E183D5-9C5B-43BB-82B1-3E6BD2EF9FE4}.Debug|Any CPU.Build.0 = Debug|Any CPU
		{55E183D5-9C5B-43BB-82B1-3E6BD2EF9FE4}.Release|Any CPU.ActiveCfg = Release|Any CPU
		{55E183D5-9C5B-43BB-82B1-3E6BD2EF9FE4}.Release|Any CPU.Build.0 = Release|Any CPU
		{8079E32A-5235-48A2-B87C-0C2B555192EC}.Debug|Any CPU.ActiveCfg = Debug|Any CPU
		{8079E32A-5235-48A2-B87C-0C2B555192EC}.Debug|Any CPU.Build.0 = Debug|Any CPU
		{8079E32A-5235-48A2-B87C-0C2B555192EC}.Release|Any CPU.ActiveCfg = Release|Any CPU
		{8079E32A-5235-48A2-B87C-0C2B555192EC}.Release|Any CPU.Build.0 = Release|Any CPU
		{B7AFF034-03AF-48FF-ACA6-0A454AA2737D}.Debug|Any CPU.ActiveCfg = Debug|Any CPU
		{B7AFF034-03AF-48FF-ACA6-0A454AA2737D}.Debug|Any CPU.Build.0 = Debug|Any CPU
		{B7AFF034-03AF-48FF-ACA6-0A454AA2737D}.Release|Any CPU.ActiveCfg = Release|Any CPU
		{B7AFF034-03AF-48FF-ACA6-0A454AA2737D}.Release|Any CPU.Build.0 = Release|Any CPU
		{ED10ECF2-F14E-46B6-AA63-908931FCC5E6}.Debug|Any CPU.ActiveCfg = Debug|Any CPU
		{ED10ECF2-F14E-46B6-AA63-908931FCC5E6}.Debug|Any CPU.Build.0 = Debug|Any CPU
		{ED10ECF2-F14E-46B6-AA63-908931FCC5E6}.Release|Any CPU.ActiveCfg = Release|Any CPU
		{ED10ECF2-F14E-46B6-AA63-908931FCC5E6}.Release|Any CPU.Build.0 = Release|Any CPU
		{07F17ABA-2937-413E-A5F3-135D97D29613}.Debug|Any CPU.ActiveCfg = Debug|Any CPU
		{07F17ABA-2937-413E-A5F3-135D97D29613}.Debug|Any CPU.Build.0 = Debug|Any CPU
		{07F17ABA-2937-413E-A5F3-135D97D29613}.Release|Any CPU.ActiveCfg = Release|Any CPU
		{07F17ABA-2937-413E-A5F3-135D97D29613}.Release|Any CPU.Build.0 = Release|Any CPU
		{483B359B-D55F-49AA-8C8B-43F2E67A1280}.Debug|Any CPU.ActiveCfg = Debug|Any CPU
		{483B359B-D55F-49AA-8C8B-43F2E67A1280}.Debug|Any CPU.Build.0 = Debug|Any CPU
		{483B359B-D55F-49AA-8C8B-43F2E67A1280}.Release|Any CPU.ActiveCfg = Release|Any CPU
		{483B359B-D55F-49AA-8C8B-43F2E67A1280}.Release|Any CPU.Build.0 = Release|Any CPU
		{3F6444F1-3146-43B3-AB08-8460DD20A9B9}.Debug|Any CPU.ActiveCfg = Debug|Any CPU
		{3F6444F1-3146-43B3-AB08-8460DD20A9B9}.Debug|Any CPU.Build.0 = Debug|Any CPU
		{3F6444F1-3146-43B3-AB08-8460DD20A9B9}.Release|Any CPU.ActiveCfg = Release|Any CPU
		{3F6444F1-3146-43B3-AB08-8460DD20A9B9}.Release|Any CPU.Build.0 = Release|Any CPU
		{5E6DB3CE-0567-45A3-9756-4BD2355AC8B1}.Debug|Any CPU.ActiveCfg = Debug|Any CPU
		{5E6DB3CE-0567-45A3-9756-4BD2355AC8B1}.Debug|Any CPU.Build.0 = Debug|Any CPU
		{5E6DB3CE-0567-45A3-9756-4BD2355AC8B1}.Release|Any CPU.ActiveCfg = Release|Any CPU
		{5E6DB3CE-0567-45A3-9756-4BD2355AC8B1}.Release|Any CPU.Build.0 = Release|Any CPU
		{BEB0D4F7-C42E-43EA-9EF9-A6034AEB23DB}.Debug|Any CPU.ActiveCfg = Debug|Any CPU
		{BEB0D4F7-C42E-43EA-9EF9-A6034AEB23DB}.Debug|Any CPU.Build.0 = Debug|Any CPU
		{BEB0D4F7-C42E-43EA-9EF9-A6034AEB23DB}.Release|Any CPU.ActiveCfg = Release|Any CPU
		{BEB0D4F7-C42E-43EA-9EF9-A6034AEB23DB}.Release|Any CPU.Build.0 = Release|Any CPU
		{A8FA785B-4717-445B-BFF2-7D5C2B0CFC8B}.Debug|Any CPU.ActiveCfg = Debug|Any CPU
		{A8FA785B-4717-445B-BFF2-7D5C2B0CFC8B}.Debug|Any CPU.Build.0 = Debug|Any CPU
		{A8FA785B-4717-445B-BFF2-7D5C2B0CFC8B}.Release|Any CPU.ActiveCfg = Release|Any CPU
		{A8FA785B-4717-445B-BFF2-7D5C2B0CFC8B}.Release|Any CPU.Build.0 = Release|Any CPU
		{722B4601-7709-4DB0-B662-6BB3FBC3FAD9}.Debug|Any CPU.ActiveCfg = Debug|Any CPU
		{722B4601-7709-4DB0-B662-6BB3FBC3FAD9}.Debug|Any CPU.Build.0 = Debug|Any CPU
		{722B4601-7709-4DB0-B662-6BB3FBC3FAD9}.Release|Any CPU.ActiveCfg = Release|Any CPU
		{722B4601-7709-4DB0-B662-6BB3FBC3FAD9}.Release|Any CPU.Build.0 = Release|Any CPU
	EndGlobalSection
	GlobalSection(SolutionProperties) = preSolution
		HideSolutionNode = FALSE
	EndGlobalSection
	GlobalSection(NestedProjects) = preSolution
		{2EC2D449-98C4-48E7-94BF-FFD3E3854965} = {67872BB0-951C-413D-8EA7-98E7D2D38189}
		{E9BE1CF7-7251-440A-93A0-7C7FF5885E8B} = {F6FAAA63-3594-4FFD-884A-390055066734}
		{B646D685-4DC9-45C7-8383-431C535AF825} = {F6FAAA63-3594-4FFD-884A-390055066734}
		{45A18FDB-3712-4AD4-82F8-B778D4FADC2C} = {F6FAAA63-3594-4FFD-884A-390055066734}
		{6E0D0766-7F73-415A-A38B-0795B74C5CC3} = {F6FAAA63-3594-4FFD-884A-390055066734}
		{7B03B59B-E862-4B8F-827A-EA9E84B4EE8E} = {F6FAAA63-3594-4FFD-884A-390055066734}
		{145882D1-59F4-4B70-9B55-0B07F9477C7B} = {437CCE27-62F4-4886-AB44-A1ACE97DB18C}
		{2DF6D6FF-30B2-4721-8A2E-E5D58A72D563} = {F6FAAA63-3594-4FFD-884A-390055066734}
		{390046E2-814B-4466-B941-9B0684750103} = {13D0B969-90F7-4214-BC8C-5432426C746A}
		{88583C09-F325-420A-8C45-4308432DA165} = {390046E2-814B-4466-B941-9B0684750103}
		{A08D7323-67EB-4370-A9F0-90203B9A1A0A} = {390046E2-814B-4466-B941-9B0684750103}
		{AF6DF8B6-CA34-4F45-8296-3CDD9429E289} = {13D0B969-90F7-4214-BC8C-5432426C746A}
		{3920ECE2-DB8A-4CCE-A6BA-516356E100B4} = {AF6DF8B6-CA34-4F45-8296-3CDD9429E289}
		{8BD4EB97-C5AC-4197-A842-F67635A48CD1} = {AF6DF8B6-CA34-4F45-8296-3CDD9429E289}
		{8359A8DF-8E00-4D8A-B098-6F00166B9FBD} = {46C30AA6-1243-45DD-B493-A33836FB83AC}
		{82849D31-F076-434C-858A-6421141E69A3} = {D01DB114-40FA-48FC-A74B-9357E53E9246}
		{7C5926E5-7CE8-4BE4-8FEB-CC55F3D5BB08} = {13D0B969-90F7-4214-BC8C-5432426C746A}
		{5559C5E9-7591-4AE0-828D-323D52EB3FDB} = {7C5926E5-7CE8-4BE4-8FEB-CC55F3D5BB08}
		{ECF60E3D-D8F0-4A21-84FE-BAB8D0CD8E2C} = {67872BB0-951C-413D-8EA7-98E7D2D38189}
		{0959FC9A-6137-48CC-8AF6-3A63D8BA4A11} = {46C30AA6-1243-45DD-B493-A33836FB83AC}
		{55E183D5-9C5B-43BB-82B1-3E6BD2EF9FE4} = {D01DB114-40FA-48FC-A74B-9357E53E9246}
		{46C30AA6-1243-45DD-B493-A33836FB83AC} = {390046E2-814B-4466-B941-9B0684750103}
		{D01DB114-40FA-48FC-A74B-9357E53E9246} = {390046E2-814B-4466-B941-9B0684750103}
		{8079E32A-5235-48A2-B87C-0C2B555192EC} = {390046E2-814B-4466-B941-9B0684750103}
		{B7AFF034-03AF-48FF-ACA6-0A454AA2737D} = {85C789BA-B097-45BB-9FA1-4B3E584236E4}
		{ED10ECF2-F14E-46B6-AA63-908931FCC5E6} = {85C789BA-B097-45BB-9FA1-4B3E584236E4}
		{07F17ABA-2937-413E-A5F3-135D97D29613} = {85C789BA-B097-45BB-9FA1-4B3E584236E4}
		{483B359B-D55F-49AA-8C8B-43F2E67A1280} = {85C789BA-B097-45BB-9FA1-4B3E584236E4}
		{3F6444F1-3146-43B3-AB08-8460DD20A9B9} = {85C789BA-B097-45BB-9FA1-4B3E584236E4}
		{5E6DB3CE-0567-45A3-9756-4BD2355AC8B1} = {85C789BA-B097-45BB-9FA1-4B3E584236E4}
		{BEB0D4F7-C42E-43EA-9EF9-A6034AEB23DB} = {85C789BA-B097-45BB-9FA1-4B3E584236E4}
		{A8FA785B-4717-445B-BFF2-7D5C2B0CFC8B} = {85C789BA-B097-45BB-9FA1-4B3E584236E4}
		{722B4601-7709-4DB0-B662-6BB3FBC3FAD9} = {85C789BA-B097-45BB-9FA1-4B3E584236E4}
	EndGlobalSection
	GlobalSection(ExtensibilityGlobals) = postSolution
		SolutionGuid = {8421BB6A-BA23-402F-AC65-8492F4641EA7}
	EndGlobalSection
EndGlobal
