
Microsoft Visual Studio Solution File, Format Version 12.00
# Visual Studio Version 17
VisualStudioVersion = 17.1.32414.318
MinimumVisualStudioVersion = 10.0.40219.1
Project("{9A19103F-16F7-4668-BE54-9A1E7A4F7556}") = "IssueTracker.Core", "src\IssueTracker.Core\IssueTracker.Core.csproj", "{33ED0DE2-2A94-4338-8D2B-948ED734B5FB}"
EndProject
Project("{2150E333-8FDC-42A3-9474-1A3956D46DE8}") = "Solution Items", "Solution Items", "{6BBD95DF-F74D-4878-AE49-A59D2D19C295}"
	ProjectSection(SolutionItems) = preProject
		..\..\.editorconfig = ..\..\.editorconfig
	EndProjectSection
EndProject
Project("{9A19103F-16F7-4668-BE54-9A1E7A4F7556}") = "IssueTracker.NetCoreApp21.RestApi.App", "src\IssueTracker.NetCoreApp21.RestApi.App\IssueTracker.NetCoreApp21.RestApi.App.csproj", "{C41575B0-065B-45E8-A1B8-672979F0112B}"
EndProject
Project("{9A19103F-16F7-4668-BE54-9A1E7A4F7556}") = "IssueTracker.EFCore21.Data", "src\IssueTracker.EFCore21.Data\IssueTracker.EFCore21.Data.csproj", "{A2E2976D-AC43-4A25-845F-9C266F5C3383}"
EndProject
Project("{9A19103F-16F7-4668-BE54-9A1E7A4F7556}") = "IssueTracker.EFCore21.Services", "src\IssueTracker.EFCore21.Services\IssueTracker.EFCore21.Services.csproj", "{1C3DC022-A81F-473E-840B-60419DE2F0FD}"
EndProject
Project("{FAE04EC0-301F-11D3-BF4B-00C04F79EFBC}") = "IssueTracker.RestApi.Shared", "src\IssueTracker.RestApi.Shared\IssueTracker.RestApi.Shared.csproj", "{BFE417A1-885F-4367-BF6B-B4A5D8F195C3}"
EndProject
Global
	GlobalSection(SolutionConfigurationPlatforms) = preSolution
		Debug|Any CPU = Debug|Any CPU
		Release|Any CPU = Release|Any CPU
	EndGlobalSection
	GlobalSection(ProjectConfigurationPlatforms) = postSolution
		{33ED0DE2-2A94-4338-8D2B-948ED734B5FB}.Debug|Any CPU.ActiveCfg = Debug|Any CPU
		{33ED0DE2-2A94-4338-8D2B-948ED734B5FB}.Debug|Any CPU.Build.0 = Debug|Any CPU
		{33ED0DE2-2A94-4338-8D2B-948ED734B5FB}.Release|Any CPU.ActiveCfg = Release|Any CPU
		{33ED0DE2-2A94-4338-8D2B-948ED734B5FB}.Release|Any CPU.Build.0 = Release|Any CPU
		{C41575B0-065B-45E8-A1B8-672979F0112B}.Debug|Any CPU.ActiveCfg = Debug|Any CPU
		{C41575B0-065B-45E8-A1B8-672979F0112B}.Debug|Any CPU.Build.0 = Debug|Any CPU
		{C41575B0-065B-45E8-A1B8-672979F0112B}.Release|Any CPU.ActiveCfg = Release|Any CPU
		{C41575B0-065B-45E8-A1B8-672979F0112B}.Release|Any CPU.Build.0 = Release|Any CPU
		{A2E2976D-AC43-4A25-845F-9C266F5C3383}.Debug|Any CPU.ActiveCfg = Debug|Any CPU
		{A2E2976D-AC43-4A25-845F-9C266F5C3383}.Debug|Any CPU.Build.0 = Debug|Any CPU
		{A2E2976D-AC43-4A25-845F-9C266F5C3383}.Release|Any CPU.ActiveCfg = Release|Any CPU
		{A2E2976D-AC43-4A25-845F-9C266F5C3383}.Release|Any CPU.Build.0 = Release|Any CPU
		{1C3DC022-A81F-473E-840B-60419DE2F0FD}.Debug|Any CPU.ActiveCfg = Debug|Any CPU
		{1C3DC022-A81F-473E-840B-60419DE2F0FD}.Debug|Any CPU.Build.0 = Debug|Any CPU
		{1C3DC022-A81F-473E-840B-60419DE2F0FD}.Release|Any CPU.ActiveCfg = Release|Any CPU
		{1C3DC022-A81F-473E-840B-60419DE2F0FD}.Release|Any CPU.Build.0 = Release|Any CPU
		{BFE417A1-885F-4367-BF6B-B4A5D8F195C3}.Debug|Any CPU.ActiveCfg = Debug|Any CPU
		{BFE417A1-885F-4367-BF6B-B4A5D8F195C3}.Debug|Any CPU.Build.0 = Debug|Any CPU
		{BFE417A1-885F-4367-BF6B-B4A5D8F195C3}.Release|Any CPU.ActiveCfg = Release|Any CPU
		{BFE417A1-885F-4367-BF6B-B4A5D8F195C3}.Release|Any CPU.Build.0 = Release|Any CPU
	EndGlobalSection
	GlobalSection(SolutionProperties) = preSolution
		HideSolutionNode = FALSE
	EndGlobalSection
	GlobalSection(ExtensibilityGlobals) = postSolution
		SolutionGuid = {D4F5E9CB-CA27-4866-AC42-836D245CD12B}
	EndGlobalSection
EndGlobal
